// !$*UTF8*$!
{
	archiveVersion = 1;
	classes = {
	};
	objectVersion = 50;
	objects = {

/* Begin PBXBuildFile section */
		4BA971522B3EBA0800A39749 /* AppDelegate.swift in Sources */ = {isa = PBXBuildFile; fileRef = 4BA971512B3EBA0800A39749 /* AppDelegate.swift */; };
		4BA971542B3EBA0800A39749 /* SceneDelegate.swift in Sources */ = {isa = PBXBuildFile; fileRef = 4BA971532B3EBA0800A39749 /* SceneDelegate.swift */; };
		4BA971562B3EBA0800A39749 /* ContentView.swift in Sources */ = {isa = PBXBuildFile; fileRef = 4BA971552B3EBA0800A39749 /* ContentView.swift */; };
		4BA971582B3EBA0B00A39749 /* Assets.xcassets in Resources */ = {isa = PBXBuildFile; fileRef = 4BA971572B3EBA0B00A39749 /* Assets.xcassets */; };
		4BA9715B2B3EBA0B00A39749 /* Preview Assets.xcassets in Resources */ = {isa = PBXBuildFile; fileRef = 4BA9715A2B3EBA0B00A39749 /* Preview Assets.xcassets */; };
		4BA9715E2B3EBA0B00A39749 /* LaunchScreen.storyboard in Resources */ = {isa = PBXBuildFile; fileRef = 4BA9715C2B3EBA0B00A39749 /* LaunchScreen.storyboard */; };
		4BA971662B3EC3D000A39749 /* ProductCard.swift in Sources */ = {isa = PBXBuildFile; fileRef = 4BA971652B3EC3D000A39749 /* ProductCard.swift */; };
		4BA9716A2B3ECA5E00A39749 /* ProductCollectionViewCell.swift in Sources */ = {isa = PBXBuildFile; fileRef = 4BA971692B3ECA5D00A39749 /* ProductCollectionViewCell.swift */; };
		4BA9716C2B3ECE7800A39749 /* ProductViewController.swift in Sources */ = {isa = PBXBuildFile; fileRef = 4BA9716B2B3ECE7800A39749 /* ProductViewController.swift */; };
		4BE3BBD42B49E2BF001D503F /* ApiService.swift in Sources */ = {isa = PBXBuildFile; fileRef = 4BE3BBD32B49E2BF001D503F /* ApiService.swift */; };
		4BE3BBD62B49F2C9001D503F /* ImageLoader.swift in Sources */ = {isa = PBXBuildFile; fileRef = 4BE3BBD52B49F2C9001D503F /* ImageLoader.swift */; };
/* End PBXBuildFile section */

/* Begin PBXFileReference section */
		4BA9714E2B3EBA0800A39749 /* nike-app2.app */ = {isa = PBXFileReference; explicitFileType = wrapper.application; includeInIndex = 0; path = "nike-app2.app"; sourceTree = BUILT_PRODUCTS_DIR; };
		4BA971512B3EBA0800A39749 /* AppDelegate.swift */ = {isa = PBXFileReference; lastKnownFileType = sourcecode.swift; path = AppDelegate.swift; sourceTree = "<group>"; };
		4BA971532B3EBA0800A39749 /* SceneDelegate.swift */ = {isa = PBXFileReference; lastKnownFileType = sourcecode.swift; path = SceneDelegate.swift; sourceTree = "<group>"; };
		4BA971552B3EBA0800A39749 /* ContentView.swift */ = {isa = PBXFileReference; lastKnownFileType = sourcecode.swift; path = ContentView.swift; sourceTree = "<group>"; };
		4BA971572B3EBA0B00A39749 /* Assets.xcassets */ = {isa = PBXFileReference; lastKnownFileType = folder.assetcatalog; path = Assets.xcassets; sourceTree = "<group>"; };
		4BA9715A2B3EBA0B00A39749 /* Preview Assets.xcassets */ = {isa = PBXFileReference; lastKnownFileType = folder.assetcatalog; path = "Preview Assets.xcassets"; sourceTree = "<group>"; };
		4BA9715D2B3EBA0B00A39749 /* Base */ = {isa = PBXFileReference; lastKnownFileType = file.storyboard; name = Base; path = Base.lproj/LaunchScreen.storyboard; sourceTree = "<group>"; };
		4BA9715F2B3EBA0B00A39749 /* Info.plist */ = {isa = PBXFileReference; lastKnownFileType = text.plist.xml; path = Info.plist; sourceTree = "<group>"; };
		4BA971652B3EC3D000A39749 /* ProductCard.swift */ = {isa = PBXFileReference; lastKnownFileType = sourcecode.swift; path = ProductCard.swift; sourceTree = "<group>"; };
		4BA971692B3ECA5D00A39749 /* ProductCollectionViewCell.swift */ = {isa = PBXFileReference; lastKnownFileType = sourcecode.swift; path = ProductCollectionViewCell.swift; sourceTree = "<group>"; };
		4BA9716B2B3ECE7800A39749 /* ProductViewController.swift */ = {isa = PBXFileReference; lastKnownFileType = sourcecode.swift; path = ProductViewController.swift; sourceTree = "<group>"; };
		4BE3BBD32B49E2BF001D503F /* ApiService.swift */ = {isa = PBXFileReference; lastKnownFileType = sourcecode.swift; path = ApiService.swift; sourceTree = "<group>"; };
		4BE3BBD52B49F2C9001D503F /* ImageLoader.swift */ = {isa = PBXFileReference; lastKnownFileType = sourcecode.swift; path = ImageLoader.swift; sourceTree = "<group>"; };
/* End PBXFileReference section */

/* Begin PBXFrameworksBuildPhase section */
		4BA9714B2B3EBA0800A39749 /* Frameworks */ = {
			isa = PBXFrameworksBuildPhase;
			buildActionMask = 2147483647;
			files = (
			);
			runOnlyForDeploymentPostprocessing = 0;
		};
/* End PBXFrameworksBuildPhase section */

/* Begin PBXGroup section */
		4BA971452B3EBA0800A39749 = {
			isa = PBXGroup;
			children = (
				4BA971502B3EBA0800A39749 /* nike-app2 */,
				4BA9714F2B3EBA0800A39749 /* Products */,
			);
			sourceTree = "<group>";
		};
		4BA9714F2B3EBA0800A39749 /* Products */ = {
			isa = PBXGroup;
			children = (
				4BA9714E2B3EBA0800A39749 /* nike-app2.app */,
			);
			name = Products;
			sourceTree = "<group>";
		};
		4BA971502B3EBA0800A39749 /* nike-app2 */ = {
			isa = PBXGroup;
			children = (
				4BA971512B3EBA0800A39749 /* AppDelegate.swift */,
				4BA971532B3EBA0800A39749 /* SceneDelegate.swift */,
				4BA971552B3EBA0800A39749 /* ContentView.swift */,
				4BA971572B3EBA0B00A39749 /* Assets.xcassets */,
				4BA9715C2B3EBA0B00A39749 /* LaunchScreen.storyboard */,
				4BA9715F2B3EBA0B00A39749 /* Info.plist */,
				4BA971592B3EBA0B00A39749 /* Preview Content */,
				4BA971652B3EC3D000A39749 /* ProductCard.swift */,
				4BA971692B3ECA5D00A39749 /* ProductCollectionViewCell.swift */,
				4BA9716B2B3ECE7800A39749 /* ProductViewController.swift */,
				4BE3BBD32B49E2BF001D503F /* ApiService.swift */,
				4BE3BBD52B49F2C9001D503F /* ImageLoader.swift */,
			);
			path = "nike-app2";
			sourceTree = "<group>";
		};
		4BA971592B3EBA0B00A39749 /* Preview Content */ = {
			isa = PBXGroup;
			children = (
				4BA9715A2B3EBA0B00A39749 /* Preview Assets.xcassets */,
			);
			path = "Preview Content";
			sourceTree = "<group>";
		};
/* End PBXGroup section */

/* Begin PBXNativeTarget section */
		4BA9714D2B3EBA0800A39749 /* nike-app2 */ = {
			isa = PBXNativeTarget;
			buildConfigurationList = 4BA971622B3EBA0B00A39749 /* Build configuration list for PBXNativeTarget "nike-app2" */;
			buildPhases = (
				4BA9714A2B3EBA0800A39749 /* Sources */,
				4BA9714B2B3EBA0800A39749 /* Frameworks */,
				4BA9714C2B3EBA0800A39749 /* Resources */,
			);
			buildRules = (
			);
			dependencies = (
			);
			name = "nike-app2";
			productName = "nike-app2";
			productReference = 4BA9714E2B3EBA0800A39749 /* nike-app2.app */;
			productType = "com.apple.product-type.application";
		};
/* End PBXNativeTarget section */

/* Begin PBXProject section */
		4BA971462B3EBA0800A39749 /* Project object */ = {
			isa = PBXProject;
			attributes = {
				LastSwiftUpdateCheck = 1100;
				LastUpgradeCheck = 1100;
				ORGANIZATIONNAME = darya;
				TargetAttributes = {
					4BA9714D2B3EBA0800A39749 = {
						CreatedOnToolsVersion = 11.0;
					};
				};
			};
			buildConfigurationList = 4BA971492B3EBA0800A39749 /* Build configuration list for PBXProject "nike-app2" */;
			compatibilityVersion = "Xcode 9.3";
			developmentRegion = en;
			hasScannedForEncodings = 0;
			knownRegions = (
				en,
				Base,
			);
			mainGroup = 4BA971452B3EBA0800A39749;
			productRefGroup = 4BA9714F2B3EBA0800A39749 /* Products */;
			projectDirPath = "";
			projectRoot = "";
			targets = (
				4BA9714D2B3EBA0800A39749 /* nike-app2 */,
			);
		};
/* End PBXProject section */

/* Begin PBXResourcesBuildPhase section */
		4BA9714C2B3EBA0800A39749 /* Resources */ = {
			isa = PBXResourcesBuildPhase;
			buildActionMask = 2147483647;
			files = (
				4BA9715E2B3EBA0B00A39749 /* LaunchScreen.storyboard in Resources */,
				4BA9715B2B3EBA0B00A39749 /* Preview Assets.xcassets in Resources */,
				4BA971582B3EBA0B00A39749 /* Assets.xcassets in Resources */,
			);
			runOnlyForDeploymentPostprocessing = 0;
		};
/* End PBXResourcesBuildPhase section */

/* Begin PBXSourcesBuildPhase section */
		4BA9714A2B3EBA0800A39749 /* Sources */ = {
			isa = PBXSourcesBuildPhase;
			buildActionMask = 2147483647;
			files = (
				4BA9716C2B3ECE7800A39749 /* ProductViewController.swift in Sources */,
				4BA971522B3EBA0800A39749 /* AppDelegate.swift in Sources */,
				4BA971542B3EBA0800A39749 /* SceneDelegate.swift in Sources */,
				4BA971562B3EBA0800A39749 /* ContentView.swift in Sources */,
				4BA9716A2B3ECA5E00A39749 /* ProductCollectionViewCell.swift in Sources */,
				4BE3BBD42B49E2BF001D503F /* ApiService.swift in Sources */,
				4BE3BBD62B49F2C9001D503F /* ImageLoader.swift in Sources */,
				4BA971662B3EC3D000A39749 /* ProductCard.swift in Sources */,
			);
			runOnlyForDeploymentPostprocessing = 0;
		};
/* End PBXSourcesBuildPhase section */

/* Begin PBXVariantGroup section */
		4BA9715C2B3EBA0B00A39749 /* LaunchScreen.storyboard */ = {
			isa = PBXVariantGroup;
			children = (
				4BA9715D2B3EBA0B00A39749 /* Base */,
			);
			name = LaunchScreen.storyboard;
			sourceTree = "<group>";
		};
/* End PBXVariantGroup section */

/* Begin XCBuildConfiguration section */
		4BA971602B3EBA0B00A39749 /* Debug */ = {
			isa = XCBuildConfiguration;
			buildSettings = {
				ALWAYS_SEARCH_USER_PATHS = NO;
				CLANG_ANALYZER_NONNULL = YES;
				CLANG_ANALYZER_NUMBER_OBJECT_CONVERSION = YES_AGGRESSIVE;
				CLANG_CXX_LANGUAGE_STANDARD = "gnu++14";
				CLANG_CXX_LIBRARY = "libc++";
				CLANG_ENABLE_MODULES = YES;
				CLANG_ENABLE_OBJC_ARC = YES;
				CLANG_ENABLE_OBJC_WEAK = YES;
				CLANG_WARN_BLOCK_CAPTURE_AUTORELEASING = YES;
				CLANG_WARN_BOOL_CONVERSION = YES;
				CLANG_WARN_COMMA = YES;
				CLANG_WARN_CONSTANT_CONVERSION = YES;
				CLANG_WARN_DEPRECATED_OBJC_IMPLEMENTATIONS = YES;
				CLANG_WARN_DIRECT_OBJC_ISA_USAGE = YES_ERROR;
				CLANG_WARN_DOCUMENTATION_COMMENTS = YES;
				CLANG_WARN_EMPTY_BODY = YES;
				CLANG_WARN_ENUM_CONVERSION = YES;
				CLANG_WARN_INFINITE_RECURSION = YES;
				CLANG_WARN_INT_CONVERSION = YES;
				CLANG_WARN_NON_LITERAL_NULL_CONVERSION = YES;
				CLANG_WARN_OBJC_IMPLICIT_RETAIN_SELF = YES;
				CLANG_WARN_OBJC_LITERAL_CONVERSION = YES;
				CLANG_WARN_OBJC_ROOT_CLASS = YES_ERROR;
				CLANG_WARN_RANGE_LOOP_ANALYSIS = YES;
				CLANG_WARN_STRICT_PROTOTYPES = YES;
				CLANG_WARN_SUSPICIOUS_MOVE = YES;
				CLANG_WARN_UNGUARDED_AVAILABILITY = YES_AGGRESSIVE;
				CLANG_WARN_UNREACHABLE_CODE = YES;
				CLANG_WARN__DUPLICATE_METHOD_MATCH = YES;
				COPY_PHASE_STRIP = NO;
				DEBUG_INFORMATION_FORMAT = dwarf;
				ENABLE_STRICT_OBJC_MSGSEND = YES;
				ENABLE_TESTABILITY = YES;
				GCC_C_LANGUAGE_STANDARD = gnu11;
				GCC_DYNAMIC_NO_PIC = NO;
				GCC_NO_COMMON_BLOCKS = YES;
				GCC_OPTIMIZATION_LEVEL = 0;
				GCC_PREPROCESSOR_DEFINITIONS = (
					"DEBUG=1",
					"$(inherited)",
				);
				GCC_WARN_64_TO_32_BIT_CONVERSION = YES;
				GCC_WARN_ABOUT_RETURN_TYPE = YES_ERROR;
				GCC_WARN_UNDECLARED_SELECTOR = YES;
				GCC_WARN_UNINITIALIZED_AUTOS = YES_AGGRESSIVE;
				GCC_WARN_UNUSED_FUNCTION = YES;
				GCC_WARN_UNUSED_VARIABLE = YES;
				IPHONEOS_DEPLOYMENT_TARGET = 13.0;
				MTL_ENABLE_DEBUG_INFO = INCLUDE_SOURCE;
				MTL_FAST_MATH = YES;
				ONLY_ACTIVE_ARCH = YES;
				SDKROOT = iphoneos;
				SWIFT_ACTIVE_COMPILATION_CONDITIONS = DEBUG;
				SWIFT_OPTIMIZATION_LEVEL = "-Onone";
			};
			name = Debug;
		};
		4BA971612B3EBA0B00A39749 /* Release */ = {
			isa = XCBuildConfiguration;
			buildSettings = {
				ALWAYS_SEARCH_USER_PATHS = NO;
				CLANG_ANALYZER_NONNULL = YES;
				CLANG_ANALYZER_NUMBER_OBJECT_CONVERSION = YES_AGGRESSIVE;
				CLANG_CXX_LANGUAGE_STANDARD = "gnu++14";
				CLANG_CXX_LIBRARY = "libc++";
				CLANG_ENABLE_MODULES = YES;
				CLANG_ENABLE_OBJC_ARC = YES;
				CLANG_ENABLE_OBJC_WEAK = YES;
				CLANG_WARN_BLOCK_CAPTURE_AUTORELEASING = YES;
				CLANG_WARN_BOOL_CONVERSION = YES;
				CLANG_WARN_COMMA = YES;
				CLANG_WARN_CONSTANT_CONVERSION = YES;
				CLANG_WARN_DEPRECATED_OBJC_IMPLEMENTATIONS = YES;
				CLANG_WARN_DIRECT_OBJC_ISA_USAGE = YES_ERROR;
				CLANG_WARN_DOCUMENTATION_COMMENTS = YES;
				CLANG_WARN_EMPTY_BODY = YES;
				CLANG_WARN_ENUM_CONVERSION = YES;
				CLANG_WARN_INFINITE_RECURSION = YES;
				CLANG_WARN_INT_CONVERSION = YES;
				CLANG_WARN_NON_LITERAL_NULL_CONVERSION = YES;
				CLANG_WARN_OBJC_IMPLICIT_RETAIN_SELF = YES;
				CLANG_WARN_OBJC_LITERAL_CONVERSION = YES;
				CLANG_WARN_OBJC_ROOT_CLASS = YES_ERROR;
				CLANG_WARN_RANGE_LOOP_ANALYSIS = YES;
				CLANG_WARN_STRICT_PROTOTYPES = YES;
				CLANG_WARN_SUSPICIOUS_MOVE = YES;
				CLANG_WARN_UNGUARDED_AVAILABILITY = YES_AGGRESSIVE;
				CLANG_WARN_UNREACHABLE_CODE = YES;
				CLANG_WARN__DUPLICATE_METHOD_MATCH = YES;
				COPY_PHASE_STRIP = NO;
				DEBUG_INFORMATION_FORMAT = "dwarf-with-dsym";
				ENABLE_NS_ASSERTIONS = NO;
				ENABLE_STRICT_OBJC_MSGSEND = YES;
				GCC_C_LANGUAGE_STANDARD = gnu11;
				GCC_NO_COMMON_BLOCKS = YES;
				GCC_WARN_64_TO_32_BIT_CONVERSION = YES;
				GCC_WARN_ABOUT_RETURN_TYPE = YES_ERROR;
				GCC_WARN_UNDECLARED_SELECTOR = YES;
				GCC_WARN_UNINITIALIZED_AUTOS = YES_AGGRESSIVE;
				GCC_WARN_UNUSED_FUNCTION = YES;
				GCC_WARN_UNUSED_VARIABLE = YES;
				IPHONEOS_DEPLOYMENT_TARGET = 13.0;
				MTL_ENABLE_DEBUG_INFO = NO;
				MTL_FAST_MATH = YES;
				SDKROOT = iphoneos;
				SWIFT_COMPILATION_MODE = wholemodule;
				SWIFT_OPTIMIZATION_LEVEL = "-O";
				VALIDATE_PRODUCT = YES;
			};
			name = Release;
		};
		4BA971632B3EBA0B00A39749 /* Debug */ = {
			isa = XCBuildConfiguration;
			buildSettings = {
				ASSETCATALOG_COMPILER_APPICON_NAME = AppIcon;
				CODE_SIGN_STYLE = Automatic;
				DEVELOPMENT_ASSET_PATHS = "\"nike-app2/Preview Content\"";
				ENABLE_PREVIEWS = YES;
				INFOPLIST_FILE = "nike-app2/Info.plist";
				LD_RUNPATH_SEARCH_PATHS = (
					"$(inherited)",
					"@executable_path/Frameworks",
				);
				PRODUCT_BUNDLE_IDENTIFIER = "cc.nike-app2";
				PRODUCT_NAME = "$(TARGET_NAME)";
				SWIFT_VERSION = 5.0;
				TARGETED_DEVICE_FAMILY = "1,2";
			};
			name = Debug;
		};
		4BA971642B3EBA0B00A39749 /* Release */ = {
			isa = XCBuildConfiguration;
			buildSettings = {
				ASSETCATALOG_COMPILER_APPICON_NAME = AppIcon;
				CODE_SIGN_STYLE = Automatic;
				DEVELOPMENT_ASSET_PATHS = "\"nike-app2/Preview Content\"";
				ENABLE_PREVIEWS = YES;
				INFOPLIST_FILE = "nike-app2/Info.plist";
				LD_RUNPATH_SEARCH_PATHS = (
					"$(inherited)",
					"@executable_path/Frameworks",
				);
				PRODUCT_BUNDLE_IDENTIFIER = "cc.nike-app2";
				PRODUCT_NAME = "$(TARGET_NAME)";
				SWIFT_VERSION = 5.0;
				TARGETED_DEVICE_FAMILY = "1,2";
			};
			name = Release;
		};
/* End XCBuildConfiguration section */

/* Begin XCConfigurationList section */
		4BA971492B3EBA0800A39749 /* Build configuration list for PBXProject "nike-app2" */ = {
			isa = XCConfigurationList;
			buildConfigurations = (
				4BA971602B3EBA0B00A39749 /* Debug */,
				4BA971612B3EBA0B00A39749 /* Release */,
			);
			defaultConfigurationIsVisible = 0;
			defaultConfigurationName = Release;
		};
		4BA971622B3EBA0B00A39749 /* Build configuration list for PBXNativeTarget "nike-app2" */ = {
			isa = XCConfigurationList;
			buildConfigurations = (
				4BA971632B3EBA0B00A39749 /* Debug */,
				4BA971642B3EBA0B00A39749 /* Release */,
			);
			defaultConfigurationIsVisible = 0;
			defaultConfigurationName = Release;
		};
/* End XCConfigurationList section */
	};
	rootObject = 4BA971462B3EBA0800A39749 /* Project object */;
}
